
Microsoft Visual Studio Solution File, Format Version 12.00
# Visual Studio 15
VisualStudioVersion = 15.0.27703.2035
MinimumVisualStudioVersion = 10.0.40219.1
Project("{FAE04EC0-301F-11D3-BF4B-00C04F79EFBC}") = "TSEmployeeProject.Android", "TSEmployeeProject\TSEmployeeProject.Android\TSEmployeeProject.Android.csproj", "{026B00F8-94FD-43DF-AA5B-CD76A6C1E19D}"
EndProject
Project("{FAE04EC0-301F-11D3-BF4B-00C04F79EFBC}") = "TSEmployeeProject.iOS", "TSEmployeeProject\TSEmployeeProject.iOS\TSEmployeeProject.iOS.csproj", "{2CA8EF1A-E609-4297-A572-B4DE819BEED3}"
EndProject
Project("{FAE04EC0-301F-11D3-BF4B-00C04F79EFBC}") = "TSEmployeeProject", "TSEmployeeProject\TSEmployeeProject\TSEmployeeProject.csproj", "{291F5A5F-13DE-4DD3-AE76-A1A40BBB7851}"
EndProject
Global
	GlobalSection(SolutionConfigurationPlatforms) = preSolution
		Ad-Hoc|Any CPU = Ad-Hoc|Any CPU
		Ad-Hoc|iPhone = Ad-Hoc|iPhone
		Ad-Hoc|iPhoneSimulator = Ad-Hoc|iPhoneSimulator
		AppStore|Any CPU = AppStore|Any CPU
		AppStore|iPhone = AppStore|iPhone
		AppStore|iPhoneSimulator = AppStore|iPhoneSimulator
		Debug|Any CPU = Debug|Any CPU
		Debug|iPhone = Debug|iPhone
		Debug|iPhoneSimulator = Debug|iPhoneSimulator
		Release|Any CPU = Release|Any CPU
		Release|iPhone = Release|iPhone
		Release|iPhoneSimulator = Release|iPhoneSimulator
	EndGlobalSection
	GlobalSection(ProjectConfigurationPlatforms) = postSolution
		{026B00F8-94FD-43DF-AA5B-CD76A6C1E19D}.Ad-Hoc|Any CPU.ActiveCfg = Release|Any CPU
		{026B00F8-94FD-43DF-AA5B-CD76A6C1E19D}.Ad-Hoc|Any CPU.Build.0 = Release|Any CPU
		{026B00F8-94FD-43DF-AA5B-CD76A6C1E19D}.Ad-Hoc|Any CPU.Deploy.0 = Release|Any CPU
		{026B00F8-94FD-43DF-AA5B-CD76A6C1E19D}.Ad-Hoc|iPhone.ActiveCfg = Release|Any CPU
		{026B00F8-94FD-43DF-AA5B-CD76A6C1E19D}.Ad-Hoc|iPhone.Build.0 = Release|Any CPU
		{026B00F8-94FD-43DF-AA5B-CD76A6C1E19D}.Ad-Hoc|iPhone.Deploy.0 = Release|Any CPU
		{026B00F8-94FD-43DF-AA5B-CD76A6C1E19D}.Ad-Hoc|iPhoneSimulator.ActiveCfg = Release|Any CPU
		{026B00F8-94FD-43DF-AA5B-CD76A6C1E19D}.Ad-Hoc|iPhoneSimulator.Build.0 = Release|Any CPU
		{026B00F8-94FD-43DF-AA5B-CD76A6C1E19D}.Ad-Hoc|iPhoneSimulator.Deploy.0 = Release|Any CPU
		{026B00F8-94FD-43DF-AA5B-CD76A6C1E19D}.AppStore|Any CPU.ActiveCfg = Release|Any CPU
		{026B00F8-94FD-43DF-AA5B-CD76A6C1E19D}.AppStore|Any CPU.Build.0 = Release|Any CPU
		{026B00F8-94FD-43DF-AA5B-CD76A6C1E19D}.AppStore|Any CPU.Deploy.0 = Release|Any CPU
		{026B00F8-94FD-43DF-AA5B-CD76A6C1E19D}.AppStore|iPhone.ActiveCfg = Release|Any CPU
		{026B00F8-94FD-43DF-AA5B-CD76A6C1E19D}.AppStore|iPhone.Build.0 = Release|Any CPU
		{026B00F8-94FD-43DF-AA5B-CD76A6C1E19D}.AppStore|iPhone.Deploy.0 = Release|Any CPU
		{026B00F8-94FD-43DF-AA5B-CD76A6C1E19D}.AppStore|iPhoneSimulator.ActiveCfg = Release|Any CPU
		{026B00F8-94FD-43DF-AA5B-CD76A6C1E19D}.AppStore|iPhoneSimulator.Build.0 = Release|Any CPU
		{026B00F8-94FD-43DF-AA5B-CD76A6C1E19D}.AppStore|iPhoneSimulator.Deploy.0 = Release|Any CPU
		{026B00F8-94FD-43DF-AA5B-CD76A6C1E19D}.Debug|Any CPU.ActiveCfg = Debug|Any CPU
		{026B00F8-94FD-43DF-AA5B-CD76A6C1E19D}.Debug|Any CPU.Build.0 = Debug|Any CPU
		{026B00F8-94FD-43DF-AA5B-CD76A6C1E19D}.Debug|Any CPU.Deploy.0 = Debug|Any CPU
		{026B00F8-94FD-43DF-AA5B-CD76A6C1E19D}.Debug|iPhone.ActiveCfg = Debug|Any CPU
		{026B00F8-94FD-43DF-AA5B-CD76A6C1E19D}.Debug|iPhone.Build.0 = Debug|Any CPU
		{026B00F8-94FD-43DF-AA5B-CD76A6C1E19D}.Debug|iPhone.Deploy.0 = Debug|Any CPU
		{026B00F8-94FD-43DF-AA5B-CD76A6C1E19D}.Debug|iPhoneSimulator.ActiveCfg = Debug|Any CPU
		{026B00F8-94FD-43DF-AA5B-CD76A6C1E19D}.Debug|iPhoneSimulator.Build.0 = Debug|Any CPU
		{026B00F8-94FD-43DF-AA5B-CD76A6C1E19D}.Debug|iPhoneSimulator.Deploy.0 = Debug|Any CPU
		{026B00F8-94FD-43DF-AA5B-CD76A6C1E19D}.Release|Any CPU.ActiveCfg = Release|Any CPU
		{026B00F8-94FD-43DF-AA5B-CD76A6C1E19D}.Release|Any CPU.Build.0 = Release|Any CPU
		{026B00F8-94FD-43DF-AA5B-CD76A6C1E19D}.Release|Any CPU.Deploy.0 = Release|Any CPU
		{026B00F8-94FD-43DF-AA5B-CD76A6C1E19D}.Release|iPhone.ActiveCfg = Release|Any CPU
		{026B00F8-94FD-43DF-AA5B-CD76A6C1E19D}.Release|iPhone.Build.0 = Release|Any CPU
		{026B00F8-94FD-43DF-AA5B-CD76A6C1E19D}.Release|iPhone.Deploy.0 = Release|Any CPU
		{026B00F8-94FD-43DF-AA5B-CD76A6C1E19D}.Release|iPhoneSimulator.ActiveCfg = Release|Any CPU
		{026B00F8-94FD-43DF-AA5B-CD76A6C1E19D}.Release|iPhoneSimulator.Build.0 = Release|Any CPU
		{026B00F8-94FD-43DF-AA5B-CD76A6C1E19D}.Release|iPhoneSimulator.Deploy.0 = Release|Any CPU
		{2CA8EF1A-E609-4297-A572-B4DE819BEED3}.Ad-Hoc|Any CPU.ActiveCfg = Ad-Hoc|iPhone
		{2CA8EF1A-E609-4297-A572-B4DE819BEED3}.Ad-Hoc|Any CPU.Build.0 = Ad-Hoc|iPhone
		{2CA8EF1A-E609-4297-A572-B4DE819BEED3}.Ad-Hoc|Any CPU.Deploy.0 = Ad-Hoc|iPhone
		{2CA8EF1A-E609-4297-A572-B4DE819BEED3}.Ad-Hoc|iPhone.ActiveCfg = Ad-Hoc|iPhone
		{2CA8EF1A-E609-4297-A572-B4DE819BEED3}.Ad-Hoc|iPhone.Build.0 = Ad-Hoc|iPhone
		{2CA8EF1A-E609-4297-A572-B4DE819BEED3}.Ad-Hoc|iPhone.Deploy.0 = Ad-Hoc|iPhone
		{2CA8EF1A-E609-4297-A572-B4DE819BEED3}.Ad-Hoc|iPhoneSimulator.ActiveCfg = Ad-Hoc|iPhoneSimulator
		{2CA8EF1A-E609-4297-A572-B4DE819BEED3}.Ad-Hoc|iPhoneSimulator.Build.0 = Ad-Hoc|iPhoneSimulator
		{2CA8EF1A-E609-4297-A572-B4DE819BEED3}.Ad-Hoc|iPhoneSimulator.Deploy.0 = Ad-Hoc|iPhoneSimulator
		{2CA8EF1A-E609-4297-A572-B4DE819BEED3}.AppStore|Any CPU.ActiveCfg = AppStore|iPhone
		{2CA8EF1A-E609-4297-A572-B4DE819BEED3}.AppStore|Any CPU.Build.0 = AppStore|iPhone
		{2CA8EF1A-E609-4297-A572-B4DE819BEED3}.AppStore|Any CPU.Deploy.0 = AppStore|iPhone
		{2CA8EF1A-E609-4297-A572-B4DE819BEED3}.AppStore|iPhone.ActiveCfg = AppStore|iPhone
		{2CA8EF1A-E609-4297-A572-B4DE819BEED3}.AppStore|iPhone.Build.0 = AppStore|iPhone
		{2CA8EF1A-E609-4297-A572-B4DE819BEED3}.AppStore|iPhone.Deploy.0 = AppStore|iPhone
		{2CA8EF1A-E609-4297-A572-B4DE819BEED3}.AppStore|iPhoneSimulator.ActiveCfg = AppStore|iPhoneSimulator
		{2CA8EF1A-E609-4297-A572-B4DE819BEED3}.AppStore|iPhoneSimulator.Build.0 = AppStore|iPhoneSimulator
		{2CA8EF1A-E609-4297-A572-B4DE819BEED3}.AppStore|iPhoneSimulator.Deploy.0 = AppStore|iPhoneSimulator
		{2CA8EF1A-E609-4297-A572-B4DE819BEED3}.Debug|Any CPU.ActiveCfg = Debug|iPhoneSimulator
		{2CA8EF1A-E609-4297-A572-B4DE819BEED3}.Debug|Any CPU.Build.0 = Debug|iPhoneSimulator
		{2CA8EF1A-E609-4297-A572-B4DE819BEED3}.Debug|Any CPU.Deploy.0 = Debug|iPhoneSimulator
		{2CA8EF1A-E609-4297-A572-B4DE819BEED3}.Debug|iPhone.ActiveCfg = Debug|iPhone
		{2CA8EF1A-E609-4297-A572-B4DE819BEED3}.Debug|iPhone.Build.0 = Debug|iPhone
		{2CA8EF1A-E609-4297-A572-B4DE819BEED3}.Debug|iPhone.Deploy.0 = Debug|iPhone
		{2CA8EF1A-E609-4297-A572-B4DE819BEED3}.Debug|iPhoneSimulator.ActiveCfg = Debug|iPhoneSimulator
		{2CA8EF1A-E609-4297-A572-B4DE819BEED3}.Debug|iPhoneSimulator.Build.0 = Debug|iPhoneSimulator
		{2CA8EF1A-E609-4297-A572-B4DE819BEED3}.Debug|iPhoneSimulator.Deploy.0 = Debug|iPhoneSimulator
		{2CA8EF1A-E609-4297-A572-B4DE819BEED3}.Release|Any CPU.ActiveCfg = Release|iPhone
		{2CA8EF1A-E609-4297-A572-B4DE819BEED3}.Release|Any CPU.Build.0 = Release|iPhone
		{2CA8EF1A-E609-4297-A572-B4DE819BEED3}.Release|Any CPU.Deploy.0 = Release|iPhone
		{2CA8EF1A-E609-4297-A572-B4DE819BEED3}.Release|iPhone.ActiveCfg = Release|iPhone
		{2CA8EF1A-E609-4297-A572-B4DE819BEED3}.Release|iPhone.Build.0 = Release|iPhone
		{2CA8EF1A-E609-4297-A572-B4DE819BEED3}.Release|iPhone.Deploy.0 = Release|iPhone
		{2CA8EF1A-E609-4297-A572-B4DE819BEED3}.Release|iPhoneSimulator.ActiveCfg = Release|iPhoneSimulator
		{2CA8EF1A-E609-4297-A572-B4DE819BEED3}.Release|iPhoneSimulator.Build.0 = Release|iPhoneSimulator
		{2CA8EF1A-E609-4297-A572-B4DE819BEED3}.Release|iPhoneSimulator.Deploy.0 = Release|iPhoneSimulator
		{291F5A5F-13DE-4DD3-AE76-A1A40BBB7851}.Ad-Hoc|Any CPU.ActiveCfg = Debug|Any CPU
		{291F5A5F-13DE-4DD3-AE76-A1A40BBB7851}.Ad-Hoc|Any CPU.Build.0 = Debug|Any CPU
		{291F5A5F-13DE-4DD3-AE76-A1A40BBB7851}.Ad-Hoc|Any CPU.Deploy.0 = Debug|Any CPU
		{291F5A5F-13DE-4DD3-AE76-A1A40BBB7851}.Ad-Hoc|iPhone.ActiveCfg = Debug|Any CPU
		{291F5A5F-13DE-4DD3-AE76-A1A40BBB7851}.Ad-Hoc|iPhone.Build.0 = Debug|Any CPU
		{291F5A5F-13DE-4DD3-AE76-A1A40BBB7851}.Ad-Hoc|iPhone.Deploy.0 = Debug|Any CPU
		{291F5A5F-13DE-4DD3-AE76-A1A40BBB7851}.Ad-Hoc|iPhoneSimulator.ActiveCfg = Debug|Any CPU
		{291F5A5F-13DE-4DD3-AE76-A1A40BBB7851}.Ad-Hoc|iPhoneSimulator.Build.0 = Debug|Any CPU
		{291F5A5F-13DE-4DD3-AE76-A1A40BBB7851}.Ad-Hoc|iPhoneSimulator.Deploy.0 = Debug|Any CPU
		{291F5A5F-13DE-4DD3-AE76-A1A40BBB7851}.AppStore|Any CPU.ActiveCfg = Debug|Any CPU
		{291F5A5F-13DE-4DD3-AE76-A1A40BBB7851}.AppStore|Any CPU.Build.0 = Debug|Any CPU
		{291F5A5F-13DE-4DD3-AE76-A1A40BBB7851}.AppStore|Any CPU.Deploy.0 = Debug|Any CPU
		{291F5A5F-13DE-4DD3-AE76-A1A40BBB7851}.AppStore|iPhone.ActiveCfg = Debug|Any CPU
		{291F5A5F-13DE-4DD3-AE76-A1A40BBB7851}.AppStore|iPhone.Build.0 = Debug|Any CPU
		{291F5A5F-13DE-4DD3-AE76-A1A40BBB7851}.AppStore|iPhone.Deploy.0 = Debug|Any CPU
		{291F5A5F-13DE-4DD3-AE76-A1A40BBB7851}.AppStore|iPhoneSimulator.ActiveCfg = Debug|Any CPU
		{291F5A5F-13DE-4DD3-AE76-A1A40BBB7851}.AppStore|iPhoneSimulator.Build.0 = Debug|Any CPU
		{291F5A5F-13DE-4DD3-AE76-A1A40BBB7851}.AppStore|iPhoneSimulator.Deploy.0 = Debug|Any CPU
		{291F5A5F-13DE-4DD3-AE76-A1A40BBB7851}.Debug|Any CPU.ActiveCfg = Debug|Any CPU
		{291F5A5F-13DE-4DD3-AE76-A1A40BBB7851}.Debug|Any CPU.Build.0 = Debug|Any CPU
		{291F5A5F-13DE-4DD3-AE76-A1A40BBB7851}.Debug|Any CPU.Deploy.0 = Debug|Any CPU
		{291F5A5F-13DE-4DD3-AE76-A1A40BBB7851}.Debug|iPhone.ActiveCfg = Debug|Any CPU
		{291F5A5F-13DE-4DD3-AE76-A1A40BBB7851}.Debug|iPhone.Build.0 = Debug|Any CPU
		{291F5A5F-13DE-4DD3-AE76-A1A40BBB7851}.Debug|iPhone.Deploy.0 = Debug|Any CPU
		{291F5A5F-13DE-4DD3-AE76-A1A40BBB7851}.Debug|iPhoneSimulator.ActiveCfg = Debug|Any CPU
		{291F5A5F-13DE-4DD3-AE76-A1A40BBB7851}.Debug|iPhoneSimulator.Build.0 = Debug|Any CPU
		{291F5A5F-13DE-4DD3-AE76-A1A40BBB7851}.Debug|iPhoneSimulator.Deploy.0 = Debug|Any CPU
		{291F5A5F-13DE-4DD3-AE76-A1A40BBB7851}.Release|Any CPU.ActiveCfg = Release|Any CPU
		{291F5A5F-13DE-4DD3-AE76-A1A40BBB7851}.Release|Any CPU.Build.0 = Release|Any CPU
		{291F5A5F-13DE-4DD3-AE76-A1A40BBB7851}.Release|Any CPU.Deploy.0 = Release|Any CPU
		{291F5A5F-13DE-4DD3-AE76-A1A40BBB7851}.Release|iPhone.ActiveCfg = Release|Any CPU
		{291F5A5F-13DE-4DD3-AE76-A1A40BBB7851}.Release|iPhone.Build.0 = Release|Any CPU
		{291F5A5F-13DE-4DD3-AE76-A1A40BBB7851}.Release|iPhone.Deploy.0 = Release|Any CPU
		{291F5A5F-13DE-4DD3-AE76-A1A40BBB7851}.Release|iPhoneSimulator.ActiveCfg = Release|Any CPU
		{291F5A5F-13DE-4DD3-AE76-A1A40BBB7851}.Release|iPhoneSimulator.Build.0 = Release|Any CPU
		{291F5A5F-13DE-4DD3-AE76-A1A40BBB7851}.Release|iPhoneSimulator.Deploy.0 = Release|Any CPU
	EndGlobalSection
	GlobalSection(SolutionProperties) = preSolution
		HideSolutionNode = FALSE
	EndGlobalSection
	GlobalSection(ExtensibilityGlobals) = postSolution
		SolutionGuid = {E2A45EF6-70FB-450C-A22C-8EE4E5322869}
	EndGlobalSection
EndGlobal
